// !$*UTF8*$!
{
	archiveVersion = 1;
	classes = {
	};
	objectVersion = 56;
	objects = {

/* Begin PBXBuildFile section */
		04558F382BD9351D009A0909 /* AppDelegate.swift in Sources */ = {isa = PBXBuildFile; fileRef = 04558F372BD9351D009A0909 /* AppDelegate.swift */; };
		04558F3A2BD9351D009A0909 /* SceneDelegate.swift in Sources */ = {isa = PBXBuildFile; fileRef = 04558F392BD9351D009A0909 /* SceneDelegate.swift */; };
		04558F3C2BD9351D009A0909 /* ViewController.swift in Sources */ = {isa = PBXBuildFile; fileRef = 04558F3B2BD9351D009A0909 /* ViewController.swift */; };
		04558F3F2BD9351D009A0909 /* Base in Resources */ = {isa = PBXBuildFile; fileRef = 04558F3E2BD9351D009A0909 /* Base */; };
		04558F412BD9351F009A0909 /* Assets.xcassets in Resources */ = {isa = PBXBuildFile; fileRef = 04558F402BD9351F009A0909 /* Assets.xcassets */; };
		04558F442BD9351F009A0909 /* Base in Resources */ = {isa = PBXBuildFile; fileRef = 04558F432BD9351F009A0909 /* Base */; };
		04558F4F2BD93520009A0909 /* CoreAnimationSamplesTests.swift in Sources */ = {isa = PBXBuildFile; fileRef = 04558F4E2BD93520009A0909 /* CoreAnimationSamplesTests.swift */; };
		04558F592BD93520009A0909 /* CoreAnimationSamplesUITests.swift in Sources */ = {isa = PBXBuildFile; fileRef = 04558F582BD93520009A0909 /* CoreAnimationSamplesUITests.swift */; };
		04558F5B2BD93520009A0909 /* CoreAnimationSamplesUITestsLaunchTests.swift in Sources */ = {isa = PBXBuildFile; fileRef = 04558F5A2BD93520009A0909 /* CoreAnimationSamplesUITestsLaunchTests.swift */; };
		04558F6D2BDA4646009A0909 /* AnimationService.swift in Sources */ = {isa = PBXBuildFile; fileRef = 04558F6C2BDA4646009A0909 /* AnimationService.swift */; };
		04558F6F2BDA4723009A0909 /* ActionCell.swift in Sources */ = {isa = PBXBuildFile; fileRef = 04558F6E2BDA4723009A0909 /* ActionCell.swift */; };
		04558F712BDA4873009A0909 /* ActionsCollectionView.swift in Sources */ = {isa = PBXBuildFile; fileRef = 04558F702BDA4873009A0909 /* ActionsCollectionView.swift */; };
		04558F752BDA5216009A0909 /* AnimationEnum.swift in Sources */ = {isa = PBXBuildFile; fileRef = 04558F742BDA5216009A0909 /* AnimationEnum.swift */; };
		04558F782BDA54E0009A0909 /* PaddingLabel.swift in Sources */ = {isa = PBXBuildFile; fileRef = 04558F772BDA54E0009A0909 /* PaddingLabel.swift */; };
/* End PBXBuildFile section */

/* Begin PBXContainerItemProxy section */
		04558F4B2BD93520009A0909 /* PBXContainerItemProxy */ = {
			isa = PBXContainerItemProxy;
			containerPortal = 04558F2C2BD9351D009A0909 /* Project object */;
			proxyType = 1;
			remoteGlobalIDString = 04558F332BD9351D009A0909;
			remoteInfo = CoreAnimationSamples;
		};
		04558F552BD93520009A0909 /* PBXContainerItemProxy */ = {
			isa = PBXContainerItemProxy;
			containerPortal = 04558F2C2BD9351D009A0909 /* Project object */;
			proxyType = 1;
			remoteGlobalIDString = 04558F332BD9351D009A0909;
			remoteInfo = CoreAnimationSamples;
		};
/* End PBXContainerItemProxy section */

/* Begin PBXFileReference section */
		04558F342BD9351D009A0909 /* CoreAnimationSamples.app */ = {isa = PBXFileReference; explicitFileType = wrapper.application; includeInIndex = 0; path = CoreAnimationSamples.app; sourceTree = BUILT_PRODUCTS_DIR; };
		04558F372BD9351D009A0909 /* AppDelegate.swift */ = {isa = PBXFileReference; lastKnownFileType = sourcecode.swift; path = AppDelegate.swift; sourceTree = "<group>"; };
		04558F392BD9351D009A0909 /* SceneDelegate.swift */ = {isa = PBXFileReference; lastKnownFileType = sourcecode.swift; path = SceneDelegate.swift; sourceTree = "<group>"; };
		04558F3B2BD9351D009A0909 /* ViewController.swift */ = {isa = PBXFileReference; lastKnownFileType = sourcecode.swift; path = ViewController.swift; sourceTree = "<group>"; };
		04558F3E2BD9351D009A0909 /* Base */ = {isa = PBXFileReference; lastKnownFileType = file.storyboard; name = Base; path = Base.lproj/Main.storyboard; sourceTree = "<group>"; };
		04558F402BD9351F009A0909 /* Assets.xcassets */ = {isa = PBXFileReference; lastKnownFileType = folder.assetcatalog; path = Assets.xcassets; sourceTree = "<group>"; };
		04558F432BD9351F009A0909 /* Base */ = {isa = PBXFileReference; lastKnownFileType = file.storyboard; name = Base; path = Base.lproj/LaunchScreen.storyboard; sourceTree = "<group>"; };
		04558F452BD9351F009A0909 /* Info.plist */ = {isa = PBXFileReference; lastKnownFileType = text.plist.xml; path = Info.plist; sourceTree = "<group>"; };
		04558F4A2BD93520009A0909 /* CoreAnimationSamplesTests.xctest */ = {isa = PBXFileReference; explicitFileType = wrapper.cfbundle; includeInIndex = 0; path = CoreAnimationSamplesTests.xctest; sourceTree = BUILT_PRODUCTS_DIR; };
		04558F4E2BD93520009A0909 /* CoreAnimationSamplesTests.swift */ = {isa = PBXFileReference; lastKnownFileType = sourcecode.swift; path = CoreAnimationSamplesTests.swift; sourceTree = "<group>"; };
		04558F542BD93520009A0909 /* CoreAnimationSamplesUITests.xctest */ = {isa = PBXFileReference; explicitFileType = wrapper.cfbundle; includeInIndex = 0; path = CoreAnimationSamplesUITests.xctest; sourceTree = BUILT_PRODUCTS_DIR; };
		04558F582BD93520009A0909 /* CoreAnimationSamplesUITests.swift */ = {isa = PBXFileReference; lastKnownFileType = sourcecode.swift; path = CoreAnimationSamplesUITests.swift; sourceTree = "<group>"; };
		04558F5A2BD93520009A0909 /* CoreAnimationSamplesUITestsLaunchTests.swift */ = {isa = PBXFileReference; lastKnownFileType = sourcecode.swift; path = CoreAnimationSamplesUITestsLaunchTests.swift; sourceTree = "<group>"; };
		04558F6C2BDA4646009A0909 /* AnimationService.swift */ = {isa = PBXFileReference; lastKnownFileType = sourcecode.swift; path = AnimationService.swift; sourceTree = "<group>"; };
		04558F6E2BDA4723009A0909 /* ActionCell.swift */ = {isa = PBXFileReference; lastKnownFileType = sourcecode.swift; path = ActionCell.swift; sourceTree = "<group>"; };
		04558F702BDA4873009A0909 /* ActionsCollectionView.swift */ = {isa = PBXFileReference; lastKnownFileType = sourcecode.swift; path = ActionsCollectionView.swift; sourceTree = "<group>"; };
		04558F742BDA5216009A0909 /* AnimationEnum.swift */ = {isa = PBXFileReference; lastKnownFileType = sourcecode.swift; path = AnimationEnum.swift; sourceTree = "<group>"; };
		04558F772BDA54E0009A0909 /* PaddingLabel.swift */ = {isa = PBXFileReference; lastKnownFileType = sourcecode.swift; path = PaddingLabel.swift; sourceTree = "<group>"; };
/* End PBXFileReference section */

/* Begin PBXFrameworksBuildPhase section */
		04558F312BD9351D009A0909 /* Frameworks */ = {
			isa = PBXFrameworksBuildPhase;
			buildActionMask = 2147483647;
			files = (
			);
			runOnlyForDeploymentPostprocessing = 0;
		};
		04558F472BD93520009A0909 /* Frameworks */ = {
			isa = PBXFrameworksBuildPhase;
			buildActionMask = 2147483647;
			files = (
			);
			runOnlyForDeploymentPostprocessing = 0;
		};
		04558F512BD93520009A0909 /* Frameworks */ = {
			isa = PBXFrameworksBuildPhase;
			buildActionMask = 2147483647;
			files = (
			);
			runOnlyForDeploymentPostprocessing = 0;
		};
/* End PBXFrameworksBuildPhase section */

/* Begin PBXGroup section */
		04558F2B2BD9351D009A0909 = {
			isa = PBXGroup;
			children = (
				04558F362BD9351D009A0909 /* CoreAnimationSamples */,
				04558F4D2BD93520009A0909 /* CoreAnimationSamplesTests */,
				04558F572BD93520009A0909 /* CoreAnimationSamplesUITests */,
				04558F352BD9351D009A0909 /* Products */,
			);
			sourceTree = "<group>";
		};
		04558F352BD9351D009A0909 /* Products */ = {
			isa = PBXGroup;
			children = (
				04558F342BD9351D009A0909 /* CoreAnimationSamples.app */,
				04558F4A2BD93520009A0909 /* CoreAnimationSamplesTests.xctest */,
				04558F542BD93520009A0909 /* CoreAnimationSamplesUITests.xctest */,
			);
			name = Products;
			sourceTree = "<group>";
		};
		04558F362BD9351D009A0909 /* CoreAnimationSamples */ = {
			isa = PBXGroup;
			children = (
				04558F672BDA45AC009A0909 /* Application */,
				04558F732BDA520B009A0909 /* Model */,
				04558F6B2BDA463D009A0909 /* Services */,
				04558F452BD9351F009A0909 /* Info.plist */,
			);
			path = CoreAnimationSamples;
			sourceTree = "<group>";
		};
		04558F4D2BD93520009A0909 /* CoreAnimationSamplesTests */ = {
			isa = PBXGroup;
			children = (
				04558F4E2BD93520009A0909 /* CoreAnimationSamplesTests.swift */,
			);
			path = CoreAnimationSamplesTests;
			sourceTree = "<group>";
		};
		04558F572BD93520009A0909 /* CoreAnimationSamplesUITests */ = {
			isa = PBXGroup;
			children = (
				04558F582BD93520009A0909 /* CoreAnimationSamplesUITests.swift */,
				04558F5A2BD93520009A0909 /* CoreAnimationSamplesUITestsLaunchTests.swift */,
			);
			path = CoreAnimationSamplesUITests;
			sourceTree = "<group>";
		};
		04558F672BDA45AC009A0909 /* Application */ = {
			isa = PBXGroup;
			children = (
				04558F692BDA460C009A0909 /* Views */,
				04558F6A2BDA4615009A0909 /* Foundation */,
			);
			path = Application;
			sourceTree = "<group>";
		};
		04558F692BDA460C009A0909 /* Views */ = {
			isa = PBXGroup;
			children = (
				04558F762BDA54D6009A0909 /* PaddingLabel */,
				04558F722BDA4A51009A0909 /* CollectionView */,
				04558F3B2BD9351D009A0909 /* ViewController.swift */,
			);
			path = Views;
			sourceTree = "<group>";
		};
		04558F6A2BDA4615009A0909 /* Foundation */ = {
			isa = PBXGroup;
			children = (
				04558F402BD9351F009A0909 /* Assets.xcassets */,
				04558F3D2BD9351D009A0909 /* Main.storyboard */,
				04558F422BD9351F009A0909 /* LaunchScreen.storyboard */,
				04558F372BD9351D009A0909 /* AppDelegate.swift */,
				04558F392BD9351D009A0909 /* SceneDelegate.swift */,
			);
			path = Foundation;
			sourceTree = "<group>";
		};
		04558F6B2BDA463D009A0909 /* Services */ = {
			isa = PBXGroup;
			children = (
				04558F6C2BDA4646009A0909 /* AnimationService.swift */,
			);
			path = Services;
			sourceTree = "<group>";
		};
		04558F722BDA4A51009A0909 /* CollectionView */ = {
			isa = PBXGroup;
			children = (
				04558F702BDA4873009A0909 /* ActionsCollectionView.swift */,
				04558F6E2BDA4723009A0909 /* ActionCell.swift */,
			);
			path = CollectionView;
			sourceTree = "<group>";
		};
		04558F732BDA520B009A0909 /* Model */ = {
			isa = PBXGroup;
			children = (
				04558F742BDA5216009A0909 /* AnimationEnum.swift */,
			);
			path = Model;
			sourceTree = "<group>";
		};
		04558F762BDA54D6009A0909 /* PaddingLabel */ = {
			isa = PBXGroup;
			children = (
				04558F772BDA54E0009A0909 /* PaddingLabel.swift */,
			);
			path = PaddingLabel;
			sourceTree = "<group>";
		};
/* End PBXGroup section */

/* Begin PBXNativeTarget section */
		04558F332BD9351D009A0909 /* CoreAnimationSamples */ = {
			isa = PBXNativeTarget;
			buildConfigurationList = 04558F5E2BD93520009A0909 /* Build configuration list for PBXNativeTarget "CoreAnimationSamples" */;
			buildPhases = (
				04558F302BD9351D009A0909 /* Sources */,
				04558F312BD9351D009A0909 /* Frameworks */,
				04558F322BD9351D009A0909 /* Resources */,
			);
			buildRules = (
			);
			dependencies = (
			);
			name = CoreAnimationSamples;
			productName = CoreAnimationSamples;
			productReference = 04558F342BD9351D009A0909 /* CoreAnimationSamples.app */;
			productType = "com.apple.product-type.application";
		};
		04558F492BD93520009A0909 /* CoreAnimationSamplesTests */ = {
			isa = PBXNativeTarget;
			buildConfigurationList = 04558F612BD93520009A0909 /* Build configuration list for PBXNativeTarget "CoreAnimationSamplesTests" */;
			buildPhases = (
				04558F462BD93520009A0909 /* Sources */,
				04558F472BD93520009A0909 /* Frameworks */,
				04558F482BD93520009A0909 /* Resources */,
			);
			buildRules = (
			);
			dependencies = (
				04558F4C2BD93520009A0909 /* PBXTargetDependency */,
			);
			name = CoreAnimationSamplesTests;
			productName = CoreAnimationSamplesTests;
			productReference = 04558F4A2BD93520009A0909 /* CoreAnimationSamplesTests.xctest */;
			productType = "com.apple.product-type.bundle.unit-test";
		};
		04558F532BD93520009A0909 /* CoreAnimationSamplesUITests */ = {
			isa = PBXNativeTarget;
			buildConfigurationList = 04558F642BD93520009A0909 /* Build configuration list for PBXNativeTarget "CoreAnimationSamplesUITests" */;
			buildPhases = (
				04558F502BD93520009A0909 /* Sources */,
				04558F512BD93520009A0909 /* Frameworks */,
				04558F522BD93520009A0909 /* Resources */,
			);
			buildRules = (
			);
			dependencies = (
				04558F562BD93520009A0909 /* PBXTargetDependency */,
			);
			name = CoreAnimationSamplesUITests;
			productName = CoreAnimationSamplesUITests;
			productReference = 04558F542BD93520009A0909 /* CoreAnimationSamplesUITests.xctest */;
			productType = "com.apple.product-type.bundle.ui-testing";
		};
/* End PBXNativeTarget section */

/* Begin PBXProject section */
		04558F2C2BD9351D009A0909 /* Project object */ = {
			isa = PBXProject;
			attributes = {
				BuildIndependentTargetsInParallel = 1;
				LastSwiftUpdateCheck = 1530;
				LastUpgradeCheck = 1530;
				TargetAttributes = {
					04558F332BD9351D009A0909 = {
						CreatedOnToolsVersion = 15.3;
					};
					04558F492BD93520009A0909 = {
						CreatedOnToolsVersion = 15.3;
						TestTargetID = 04558F332BD9351D009A0909;
					};
					04558F532BD93520009A0909 = {
						CreatedOnToolsVersion = 15.3;
						TestTargetID = 04558F332BD9351D009A0909;
					};
				};
			};
			buildConfigurationList = 04558F2F2BD9351D009A0909 /* Build configuration list for PBXProject "CoreAnimationSamples" */;
			compatibilityVersion = "Xcode 14.0";
			developmentRegion = en;
			hasScannedForEncodings = 0;
			knownRegions = (
				en,
				Base,
			);
			mainGroup = 04558F2B2BD9351D009A0909;
			productRefGroup = 04558F352BD9351D009A0909 /* Products */;
			projectDirPath = "";
			projectRoot = "";
			targets = (
				04558F332BD9351D009A0909 /* CoreAnimationSamples */,
				04558F492BD93520009A0909 /* CoreAnimationSamplesTests */,
				04558F532BD93520009A0909 /* CoreAnimationSamplesUITests */,
			);
		};
/* End PBXProject section */

/* Begin PBXResourcesBuildPhase section */
		04558F322BD9351D009A0909 /* Resources */ = {
			isa = PBXResourcesBuildPhase;
			buildActionMask = 2147483647;
			files = (
				04558F412BD9351F009A0909 /* Assets.xcassets in Resources */,
				04558F442BD9351F009A0909 /* Base in Resources */,
				04558F3F2BD9351D009A0909 /* Base in Resources */,
			);
			runOnlyForDeploymentPostprocessing = 0;
		};
		04558F482BD93520009A0909 /* Resources */ = {
			isa = PBXResourcesBuildPhase;
			buildActionMask = 2147483647;
			files = (
			);
			runOnlyForDeploymentPostprocessing = 0;
		};
		04558F522BD93520009A0909 /* Resources */ = {
			isa = PBXResourcesBuildPhase;
			buildActionMask = 2147483647;
			files = (
			);
			runOnlyForDeploymentPostprocessing = 0;
		};
/* End PBXResourcesBuildPhase section */

/* Begin PBXSourcesBuildPhase section */
		04558F302BD9351D009A0909 /* Sources */ = {
			isa = PBXSourcesBuildPhase;
			buildActionMask = 2147483647;
			files = (
				04558F712BDA4873009A0909 /* ActionsCollectionView.swift in Sources */,
				04558F3C2BD9351D009A0909 /* ViewController.swift in Sources */,
				04558F6F2BDA4723009A0909 /* ActionCell.swift in Sources */,
				04558F382BD9351D009A0909 /* AppDelegate.swift in Sources */,
				04558F782BDA54E0009A0909 /* PaddingLabel.swift in Sources */,
				04558F6D2BDA4646009A0909 /* AnimationService.swift in Sources */,
				04558F3A2BD9351D009A0909 /* SceneDelegate.swift in Sources */,
				04558F752BDA5216009A0909 /* AnimationEnum.swift in Sources */,
			);
			runOnlyForDeploymentPostprocessing = 0;
		};
		04558F462BD93520009A0909 /* Sources */ = {
			isa = PBXSourcesBuildPhase;
			buildActionMask = 2147483647;
			files = (
				04558F4F2BD93520009A0909 /* CoreAnimationSamplesTests.swift in Sources */,
			);
			runOnlyForDeploymentPostprocessing = 0;
		};
		04558F502BD93520009A0909 /* Sources */ = {
			isa = PBXSourcesBuildPhase;
			buildActionMask = 2147483647;
			files = (
				04558F5B2BD93520009A0909 /* CoreAnimationSamplesUITestsLaunchTests.swift in Sources */,
				04558F592BD93520009A0909 /* CoreAnimationSamplesUITests.swift in Sources */,
			);
			runOnlyForDeploymentPostprocessing = 0;
		};
/* End PBXSourcesBuildPhase section */

/* Begin PBXTargetDependency section */
		04558F4C2BD93520009A0909 /* PBXTargetDependency */ = {
			isa = PBXTargetDependency;
			target = 04558F332BD9351D009A0909 /* CoreAnimationSamples */;
			targetProxy = 04558F4B2BD93520009A0909 /* PBXContainerItemProxy */;
		};
		04558F562BD93520009A0909 /* PBXTargetDependency */ = {
			isa = PBXTargetDependency;
			target = 04558F332BD9351D009A0909 /* CoreAnimationSamples */;
			targetProxy = 04558F552BD93520009A0909 /* PBXContainerItemProxy */;
		};
/* End PBXTargetDependency section */

/* Begin PBXVariantGroup section */
		04558F3D2BD9351D009A0909 /* Main.storyboard */ = {
			isa = PBXVariantGroup;
			children = (
				04558F3E2BD9351D009A0909 /* Base */,
			);
			name = Main.storyboard;
			sourceTree = "<group>";
		};
		04558F422BD9351F009A0909 /* LaunchScreen.storyboard */ = {
			isa = PBXVariantGroup;
			children = (
				04558F432BD9351F009A0909 /* Base */,
			);
			name = LaunchScreen.storyboard;
			sourceTree = "<group>";
		};
/* End PBXVariantGroup section */

/* Begin XCBuildConfiguration section */
		04558F5C2BD93520009A0909 /* Debug */ = {
			isa = XCBuildConfiguration;
			buildSettings = {
				ALWAYS_SEARCH_USER_PATHS = NO;
				ASSETCATALOG_COMPILER_GENERATE_SWIFT_ASSET_SYMBOL_EXTENSIONS = YES;
				CLANG_ANALYZER_NONNULL = YES;
				CLANG_ANALYZER_NUMBER_OBJECT_CONVERSION = YES_AGGRESSIVE;
				CLANG_CXX_LANGUAGE_STANDARD = "gnu++20";
				CLANG_ENABLE_MODULES = YES;
				CLANG_ENABLE_OBJC_ARC = YES;
				CLANG_ENABLE_OBJC_WEAK = YES;
				CLANG_WARN_BLOCK_CAPTURE_AUTORELEASING = YES;
				CLANG_WARN_BOOL_CONVERSION = YES;
				CLANG_WARN_COMMA = YES;
				CLANG_WARN_CONSTANT_CONVERSION = YES;
				CLANG_WARN_DEPRECATED_OBJC_IMPLEMENTATIONS = YES;
				CLANG_WARN_DIRECT_OBJC_ISA_USAGE = YES_ERROR;
				CLANG_WARN_DOCUMENTATION_COMMENTS = YES;
				CLANG_WARN_EMPTY_BODY = YES;
				CLANG_WARN_ENUM_CONVERSION = YES;
				CLANG_WARN_INFINITE_RECURSION = YES;
				CLANG_WARN_INT_CONVERSION = YES;
				CLANG_WARN_NON_LITERAL_NULL_CONVERSION = YES;
				CLANG_WARN_OBJC_IMPLICIT_RETAIN_SELF = YES;
				CLANG_WARN_OBJC_LITERAL_CONVERSION = YES;
				CLANG_WARN_OBJC_ROOT_CLASS = YES_ERROR;
				CLANG_WARN_QUOTED_INCLUDE_IN_FRAMEWORK_HEADER = YES;
				CLANG_WARN_RANGE_LOOP_ANALYSIS = YES;
				CLANG_WARN_STRICT_PROTOTYPES = YES;
				CLANG_WARN_SUSPICIOUS_MOVE = YES;
				CLANG_WARN_UNGUARDED_AVAILABILITY = YES_AGGRESSIVE;
				CLANG_WARN_UNREACHABLE_CODE = YES;
				CLANG_WARN__DUPLICATE_METHOD_MATCH = YES;
				COPY_PHASE_STRIP = NO;
				DEBUG_INFORMATION_FORMAT = dwarf;
				ENABLE_STRICT_OBJC_MSGSEND = YES;
				ENABLE_TESTABILITY = YES;
				ENABLE_USER_SCRIPT_SANDBOXING = YES;
				GCC_C_LANGUAGE_STANDARD = gnu17;
				GCC_DYNAMIC_NO_PIC = NO;
				GCC_NO_COMMON_BLOCKS = YES;
				GCC_OPTIMIZATION_LEVEL = 0;
				GCC_PREPROCESSOR_DEFINITIONS = (
					"DEBUG=1",
					"$(inherited)",
				);
				GCC_WARN_64_TO_32_BIT_CONVERSION = YES;
				GCC_WARN_ABOUT_RETURN_TYPE = YES_ERROR;
				GCC_WARN_UNDECLARED_SELECTOR = YES;
				GCC_WARN_UNINITIALIZED_AUTOS = YES_AGGRESSIVE;
				GCC_WARN_UNUSED_FUNCTION = YES;
				GCC_WARN_UNUSED_VARIABLE = YES;
				IPHONEOS_DEPLOYMENT_TARGET = 17.4;
				LOCALIZATION_PREFERS_STRING_CATALOGS = YES;
				MTL_ENABLE_DEBUG_INFO = INCLUDE_SOURCE;
				MTL_FAST_MATH = YES;
				ONLY_ACTIVE_ARCH = YES;
				SDKROOT = iphoneos;
				SWIFT_ACTIVE_COMPILATION_CONDITIONS = "DEBUG $(inherited)";
				SWIFT_OPTIMIZATION_LEVEL = "-Onone";
			};
			name = Debug;
		};
		04558F5D2BD93520009A0909 /* Release */ = {
			isa = XCBuildConfiguration;
			buildSettings = {
				ALWAYS_SEARCH_USER_PATHS = NO;
				ASSETCATALOG_COMPILER_GENERATE_SWIFT_ASSET_SYMBOL_EXTENSIONS = YES;
				CLANG_ANALYZER_NONNULL = YES;
				CLANG_ANALYZER_NUMBER_OBJECT_CONVERSION = YES_AGGRESSIVE;
				CLANG_CXX_LANGUAGE_STANDARD = "gnu++20";
				CLANG_ENABLE_MODULES = YES;
				CLANG_ENABLE_OBJC_ARC = YES;
				CLANG_ENABLE_OBJC_WEAK = YES;
				CLANG_WARN_BLOCK_CAPTURE_AUTORELEASING = YES;
				CLANG_WARN_BOOL_CONVERSION = YES;
				CLANG_WARN_COMMA = YES;
				CLANG_WARN_CONSTANT_CONVERSION = YES;
				CLANG_WARN_DEPRECATED_OBJC_IMPLEMENTATIONS = YES;
				CLANG_WARN_DIRECT_OBJC_ISA_USAGE = YES_ERROR;
				CLANG_WARN_DOCUMENTATION_COMMENTS = YES;
				CLANG_WARN_EMPTY_BODY = YES;
				CLANG_WARN_ENUM_CONVERSION = YES;
				CLANG_WARN_INFINITE_RECURSION = YES;
				CLANG_WARN_INT_CONVERSION = YES;
				CLANG_WARN_NON_LITERAL_NULL_CONVERSION = YES;
				CLANG_WARN_OBJC_IMPLICIT_RETAIN_SELF = YES;
				CLANG_WARN_OBJC_LITERAL_CONVERSION = YES;
				CLANG_WARN_OBJC_ROOT_CLASS = YES_ERROR;
				CLANG_WARN_QUOTED_INCLUDE_IN_FRAMEWORK_HEADER = YES;
				CLANG_WARN_RANGE_LOOP_ANALYSIS = YES;
				CLANG_WARN_STRICT_PROTOTYPES = YES;
				CLANG_WARN_SUSPICIOUS_MOVE = YES;
				CLANG_WARN_UNGUARDED_AVAILABILITY = YES_AGGRESSIVE;
				CLANG_WARN_UNREACHABLE_CODE = YES;
				CLANG_WARN__DUPLICATE_METHOD_MATCH = YES;
				COPY_PHASE_STRIP = NO;
				DEBUG_INFORMATION_FORMAT = "dwarf-with-dsym";
				ENABLE_NS_ASSERTIONS = NO;
				ENABLE_STRICT_OBJC_MSGSEND = YES;
				ENABLE_USER_SCRIPT_SANDBOXING = YES;
				GCC_C_LANGUAGE_STANDARD = gnu17;
				GCC_NO_COMMON_BLOCKS = YES;
				GCC_WARN_64_TO_32_BIT_CONVERSION = YES;
				GCC_WARN_ABOUT_RETURN_TYPE = YES_ERROR;
				GCC_WARN_UNDECLARED_SELECTOR = YES;
				GCC_WARN_UNINITIALIZED_AUTOS = YES_AGGRESSIVE;
				GCC_WARN_UNUSED_FUNCTION = YES;
				GCC_WARN_UNUSED_VARIABLE = YES;
				IPHONEOS_DEPLOYMENT_TARGET = 17.4;
				LOCALIZATION_PREFERS_STRING_CATALOGS = YES;
				MTL_ENABLE_DEBUG_INFO = NO;
				MTL_FAST_MATH = YES;
				SDKROOT = iphoneos;
				SWIFT_COMPILATION_MODE = wholemodule;
				VALIDATE_PRODUCT = YES;
			};
			name = Release;
		};
		04558F5F2BD93520009A0909 /* Debug */ = {
			isa = XCBuildConfiguration;
			buildSettings = {
				ASSETCATALOG_COMPILER_APPICON_NAME = AppIcon;
				ASSETCATALOG_COMPILER_GLOBAL_ACCENT_COLOR_NAME = AccentColor;
				CODE_SIGN_STYLE = Automatic;
				CURRENT_PROJECT_VERSION = 1;
				GENERATE_INFOPLIST_FILE = YES;
				INFOPLIST_FILE = CoreAnimationSamples/Info.plist;
				INFOPLIST_KEY_UIApplicationSupportsIndirectInputEvents = YES;
				INFOPLIST_KEY_UILaunchStoryboardName = LaunchScreen;
				INFOPLIST_KEY_UIMainStoryboardFile = Main;
				INFOPLIST_KEY_UISupportedInterfaceOrientations_iPad = "UIInterfaceOrientationPortrait UIInterfaceOrientationPortraitUpsideDown UIInterfaceOrientationLandscapeLeft UIInterfaceOrientationLandscapeRight";
				INFOPLIST_KEY_UISupportedInterfaceOrientations_iPhone = "UIInterfaceOrientationPortrait UIInterfaceOrientationLandscapeLeft UIInterfaceOrientationLandscapeRight";
				LD_RUNPATH_SEARCH_PATHS = (
					"$(inherited)",
					"@executable_path/Frameworks",
				);
				MARKETING_VERSION = 1.0;
				PRODUCT_BUNDLE_IDENTIFIER = com.gabe.CoreAnimationSamples;
				PRODUCT_NAME = "$(TARGET_NAME)";
				SWIFT_EMIT_LOC_STRINGS = YES;
				SWIFT_VERSION = 5.0;
				TARGETED_DEVICE_FAMILY = "1,2";
			};
			name = Debug;
		};
		04558F602BD93520009A0909 /* Release */ = {
			isa = XCBuildConfiguration;
			buildSettings = {
				ASSETCATALOG_COMPILER_APPICON_NAME = AppIcon;
				ASSETCATALOG_COMPILER_GLOBAL_ACCENT_COLOR_NAME = AccentColor;
				CODE_SIGN_STYLE = Automatic;
				CURRENT_PROJECT_VERSION = 1;
				GENERATE_INFOPLIST_FILE = YES;
				INFOPLIST_FILE = CoreAnimationSamples/Info.plist;
				INFOPLIST_KEY_UIApplicationSupportsIndirectInputEvents = YES;
				INFOPLIST_KEY_UILaunchStoryboardName = LaunchScreen;
				INFOPLIST_KEY_UIMainStoryboardFile = Main;
				INFOPLIST_KEY_UISupportedInterfaceOrientations_iPad = "UIInterfaceOrientationPortrait UIInterfaceOrientationPortraitUpsideDown UIInterfaceOrientationLandscapeLeft UIInterfaceOrientationLandscapeRight";
				INFOPLIST_KEY_UISupportedInterfaceOrientations_iPhone = "UIInterfaceOrientationPortrait UIInterfaceOrientationLandscapeLeft UIInterfaceOrientationLandscapeRight";
				LD_RUNPATH_SEARCH_PATHS = (
					"$(inherited)",
					"@executable_path/Frameworks",
				);
				MARKETING_VERSION = 1.0;
				PRODUCT_BUNDLE_IDENTIFIER = com.gabe.CoreAnimationSamples;
				PRODUCT_NAME = "$(TARGET_NAME)";
				SWIFT_EMIT_LOC_STRINGS = YES;
				SWIFT_VERSION = 5.0;
				TARGETED_DEVICE_FAMILY = "1,2";
			};
			name = Release;
		};
		04558F622BD93520009A0909 /* Debug */ = {
			isa = XCBuildConfiguration;
			buildSettings = {
				ALWAYS_EMBED_SWIFT_STANDARD_LIBRARIES = YES;
				BUNDLE_LOADER = "$(TEST_HOST)";
				CODE_SIGN_STYLE = Automatic;
				CURRENT_PROJECT_VERSION = 1;
				GENERATE_INFOPLIST_FILE = YES;
				IPHONEOS_DEPLOYMENT_TARGET = 17.4;
				MARKETING_VERSION = 1.0;
				PRODUCT_BUNDLE_IDENTIFIER = com.gabe.CoreAnimationSamplesTests;
				PRODUCT_NAME = "$(TARGET_NAME)";
				SWIFT_EMIT_LOC_STRINGS = NO;
				SWIFT_VERSION = 5.0;
				TARGETED_DEVICE_FAMILY = "1,2";
				TEST_HOST = "$(BUILT_PRODUCTS_DIR)/CoreAnimationSamples.app/$(BUNDLE_EXECUTABLE_FOLDER_PATH)/CoreAnimationSamples";
			};
			name = Debug;
		};
		04558F632BD93520009A0909 /* Release */ = {
			isa = XCBuildConfiguration;
			buildSettings = {
				ALWAYS_EMBED_SWIFT_STANDARD_LIBRARIES = YES;
				BUNDLE_LOADER = "$(TEST_HOST)";
				CODE_SIGN_STYLE = Automatic;
				CURRENT_PROJECT_VERSION = 1;
				GENERATE_INFOPLIST_FILE = YES;
				IPHONEOS_DEPLOYMENT_TARGET = 17.4;
				MARKETING_VERSION = 1.0;
				PRODUCT_BUNDLE_IDENTIFIER = com.gabe.CoreAnimationSamplesTests;
				PRODUCT_NAME = "$(TARGET_NAME)";
				SWIFT_EMIT_LOC_STRINGS = NO;
				SWIFT_VERSION = 5.0;
				TARGETED_DEVICE_FAMILY = "1,2";
				TEST_HOST = "$(BUILT_PRODUCTS_DIR)/CoreAnimationSamples.app/$(BUNDLE_EXECUTABLE_FOLDER_PATH)/CoreAnimationSamples";
			};
			name = Release;
		};
		04558F652BD93520009A0909 /* Debug */ = {
			isa = XCBuildConfiguration;
			buildSettings = {
				ALWAYS_EMBED_SWIFT_STANDARD_LIBRARIES = YES;
				CODE_SIGN_STYLE = Automatic;
				CURRENT_PROJECT_VERSION = 1;
				GENERATE_INFOPLIST_FILE = YES;
				MARKETING_VERSION = 1.0;
				PRODUCT_BUNDLE_IDENTIFIER = com.gabe.CoreAnimationSamplesUITests;
				PRODUCT_NAME = "$(TARGET_NAME)";
				SWIFT_EMIT_LOC_STRINGS = NO;
				SWIFT_VERSION = 5.0;
				TARGETED_DEVICE_FAMILY = "1,2";
				TEST_TARGET_NAME = CoreAnimationSamples;
			};
			name = Debug;
		};
		04558F662BD93520009A0909 /* Release */ = {
			isa = XCBuildConfiguration;
			buildSettings = {
				ALWAYS_EMBED_SWIFT_STANDARD_LIBRARIES = YES;
				CODE_SIGN_STYLE = Automatic;
				CURRENT_PROJECT_VERSION = 1;
				GENERATE_INFOPLIST_FILE = YES;
				MARKETING_VERSION = 1.0;
				PRODUCT_BUNDLE_IDENTIFIER = com.gabe.CoreAnimationSamplesUITests;
				PRODUCT_NAME = "$(TARGET_NAME)";
				SWIFT_EMIT_LOC_STRINGS = NO;
				SWIFT_VERSION = 5.0;
				TARGETED_DEVICE_FAMILY = "1,2";
				TEST_TARGET_NAME = CoreAnimationSamples;
			};
			name = Release;
		};
/* End XCBuildConfiguration section */

/* Begin XCConfigurationList section */
		04558F2F2BD9351D009A0909 /* Build configuration list for PBXProject "CoreAnimationSamples" */ = {
			isa = XCConfigurationList;
			buildConfigurations = (
				04558F5C2BD93520009A0909 /* Debug */,
				04558F5D2BD93520009A0909 /* Release */,
			);
			defaultConfigurationIsVisible = 0;
			defaultConfigurationName = Release;
		};
		04558F5E2BD93520009A0909 /* Build configuration list for PBXNativeTarget "CoreAnimationSamples" */ = {
			isa = XCConfigurationList;
			buildConfigurations = (
				04558F5F2BD93520009A0909 /* Debug */,
				04558F602BD93520009A0909 /* Release */,
			);
			defaultConfigurationIsVisible = 0;
			defaultConfigurationName = Release;
		};
		04558F612BD93520009A0909 /* Build configuration list for PBXNativeTarget "CoreAnimationSamplesTests" */ = {
			isa = XCConfigurationList;
			buildConfigurations = (
				04558F622BD93520009A0909 /* Debug */,
				04558F632BD93520009A0909 /* Release */,
			);
			defaultConfigurationIsVisible = 0;
			defaultConfigurationName = Release;
		};
		04558F642BD93520009A0909 /* Build configuration list for PBXNativeTarget "CoreAnimationSamplesUITests" */ = {
			isa = XCConfigurationList;
			buildConfigurations = (
				04558F652BD93520009A0909 /* Debug */,
				04558F662BD93520009A0909 /* Release */,
			);
			defaultConfigurationIsVisible = 0;
			defaultConfigurationName = Release;
		};
/* End XCConfigurationList section */
	};
	rootObject = 04558F2C2BD9351D009A0909 /* Project object */;
}
